
Microsoft Visual Studio Solution File, Format Version 12.00
# Visual Studio Version 17
VisualStudioVersion = 17.5.002.0
MinimumVisualStudioVersion = 10.0.40219.1
Project("{9A19103F-16F7-4668-BE54-9A1E7A4F7556}") = "Wärmeleitung", "Wärmeleitung.csproj", "{427F5EFF-5399-4102-99FB-1146B0FCBAE6}"
EndProject
Global
	GlobalSection(SolutionConfigurationPlatforms) = preSolution
		Debug|Any CPU = Debug|Any CPU
		Release|Any CPU = Release|Any CPU
	EndGlobalSection
	GlobalSection(ProjectConfigurationPlatforms) = postSolution
		{427F5EFF-5399-4102-99FB-1146B0FCBAE6}.Debug|Any CPU.ActiveCfg = Debug|Any CPU
		{427F5EFF-5399-4102-99FB-1146B0FCBAE6}.Debug|Any CPU.Build.0 = Debug|Any CPU
		{427F5EFF-5399-4102-99FB-1146B0FCBAE6}.Release|Any CPU.ActiveCfg = Release|Any CPU
		{427F5EFF-5399-4102-99FB-1146B0FCBAE6}.Release|Any CPU.Build.0 = Release|Any CPU
	EndGlobalSection
	GlobalSection(SolutionProperties) = preSolution
		HideSolutionNode = FALSE
	EndGlobalSection
	GlobalSection(ExtensibilityGlobals) = postSolution
		SolutionGuid = {826786A4-97D0-40C4-A90E-B68CBE5036AB}
	EndGlobalSection
EndGlobal
